// !$*UTF8*$!
{
	archiveVersion = 1;
	classes = {
	};
	objectVersion = 56;
	objects = {

/* Begin PBXBuildFile section */
		6876F2532A9995E40097B4CE /* EmojiArtApp.swift in Sources */ = {isa = PBXBuildFile; fileRef = 6876F2522A9995E40097B4CE /* EmojiArtApp.swift */; };
		6876F2552A9995E40097B4CE /* EmojiArtDocumentView.swift in Sources */ = {isa = PBXBuildFile; fileRef = 6876F2542A9995E40097B4CE /* EmojiArtDocumentView.swift */; };
		6876F2572A9995E80097B4CE /* Assets.xcassets in Resources */ = {isa = PBXBuildFile; fileRef = 6876F2562A9995E80097B4CE /* Assets.xcassets */; };
		6876F25A2A9995E80097B4CE /* Preview Assets.xcassets in Resources */ = {isa = PBXBuildFile; fileRef = 6876F2592A9995E80097B4CE /* Preview Assets.xcassets */; };
		6876F2612A9997000097B4CE /* EmojiArtModel.swift in Sources */ = {isa = PBXBuildFile; fileRef = 6876F2602A9997000097B4CE /* EmojiArtModel.swift */; };
		6876F2632A99973C0097B4CE /* EmojiArtModel.Background.swift in Sources */ = {isa = PBXBuildFile; fileRef = 6876F2622A99973C0097B4CE /* EmojiArtModel.Background.swift */; };
		6876F2652A9998810097B4CE /* EmojiArtDocument.swift in Sources */ = {isa = PBXBuildFile; fileRef = 6876F2642A9998810097B4CE /* EmojiArtDocument.swift */; };
		6876F2672A99A08A0097B4CE /* UtilityExtensions.swift in Sources */ = {isa = PBXBuildFile; fileRef = 6876F2662A99A08A0097B4CE /* UtilityExtensions.swift */; };
		6876F2692A99A1970097B4CE /* UtilityViews.swift in Sources */ = {isa = PBXBuildFile; fileRef = 6876F2682A99A1970097B4CE /* UtilityViews.swift */; };
		6876F26B2A9A03300097B4CE /* PaletteStore.swift in Sources */ = {isa = PBXBuildFile; fileRef = 6876F26A2A9A03300097B4CE /* PaletteStore.swift */; };
		6876F26D2A9AC51D0097B4CE /* PaletteChooser.swift in Sources */ = {isa = PBXBuildFile; fileRef = 6876F26C2A9AC51D0097B4CE /* PaletteChooser.swift */; };
		6876F26F2A9AD0980097B4CE /* PaletteEditor.swift in Sources */ = {isa = PBXBuildFile; fileRef = 6876F26E2A9AD0980097B4CE /* PaletteEditor.swift */; };
		6876F2712A9AE56E0097B4CE /* PaletteManager.swift in Sources */ = {isa = PBXBuildFile; fileRef = 6876F2702A9AE56E0097B4CE /* PaletteManager.swift */; };
/* End PBXBuildFile section */

/* Begin PBXFileReference section */
		6876F24F2A9995E40097B4CE /* EmojiArt.app */ = {isa = PBXFileReference; explicitFileType = wrapper.application; includeInIndex = 0; path = EmojiArt.app; sourceTree = BUILT_PRODUCTS_DIR; };
		6876F2522A9995E40097B4CE /* EmojiArtApp.swift */ = {isa = PBXFileReference; lastKnownFileType = sourcecode.swift; path = EmojiArtApp.swift; sourceTree = "<group>"; };
		6876F2542A9995E40097B4CE /* EmojiArtDocumentView.swift */ = {isa = PBXFileReference; lastKnownFileType = sourcecode.swift; path = EmojiArtDocumentView.swift; sourceTree = "<group>"; };
		6876F2562A9995E80097B4CE /* Assets.xcassets */ = {isa = PBXFileReference; lastKnownFileType = folder.assetcatalog; path = Assets.xcassets; sourceTree = "<group>"; };
		6876F2592A9995E80097B4CE /* Preview Assets.xcassets */ = {isa = PBXFileReference; lastKnownFileType = folder.assetcatalog; path = "Preview Assets.xcassets"; sourceTree = "<group>"; };
		6876F2602A9997000097B4CE /* EmojiArtModel.swift */ = {isa = PBXFileReference; lastKnownFileType = sourcecode.swift; path = EmojiArtModel.swift; sourceTree = "<group>"; };
		6876F2622A99973C0097B4CE /* EmojiArtModel.Background.swift */ = {isa = PBXFileReference; lastKnownFileType = sourcecode.swift; path = EmojiArtModel.Background.swift; sourceTree = "<group>"; };
		6876F2642A9998810097B4CE /* EmojiArtDocument.swift */ = {isa = PBXFileReference; lastKnownFileType = sourcecode.swift; path = EmojiArtDocument.swift; sourceTree = "<group>"; };
		6876F2662A99A08A0097B4CE /* UtilityExtensions.swift */ = {isa = PBXFileReference; lastKnownFileType = sourcecode.swift; path = UtilityExtensions.swift; sourceTree = "<group>"; };
		6876F2682A99A1970097B4CE /* UtilityViews.swift */ = {isa = PBXFileReference; lastKnownFileType = sourcecode.swift; path = UtilityViews.swift; sourceTree = "<group>"; };
		6876F26A2A9A03300097B4CE /* PaletteStore.swift */ = {isa = PBXFileReference; lastKnownFileType = sourcecode.swift; path = PaletteStore.swift; sourceTree = "<group>"; };
		6876F26C2A9AC51D0097B4CE /* PaletteChooser.swift */ = {isa = PBXFileReference; lastKnownFileType = sourcecode.swift; path = PaletteChooser.swift; sourceTree = "<group>"; };
		6876F26E2A9AD0980097B4CE /* PaletteEditor.swift */ = {isa = PBXFileReference; lastKnownFileType = sourcecode.swift; path = PaletteEditor.swift; sourceTree = "<group>"; };
		6876F2702A9AE56E0097B4CE /* PaletteManager.swift */ = {isa = PBXFileReference; lastKnownFileType = sourcecode.swift; path = PaletteManager.swift; sourceTree = "<group>"; };
/* End PBXFileReference section */

/* Begin PBXFrameworksBuildPhase section */
		6876F24C2A9995E40097B4CE /* Frameworks */ = {
			isa = PBXFrameworksBuildPhase;
			buildActionMask = 2147483647;
			files = (
			);
			runOnlyForDeploymentPostprocessing = 0;
		};
/* End PBXFrameworksBuildPhase section */

/* Begin PBXGroup section */
		6876F2462A9995E40097B4CE = {
			isa = PBXGroup;
			children = (
				6876F2512A9995E40097B4CE /* EmojiArt */,
				6876F2502A9995E40097B4CE /* Products */,
			);
			sourceTree = "<group>";
		};
		6876F2502A9995E40097B4CE /* Products */ = {
			isa = PBXGroup;
			children = (
				6876F24F2A9995E40097B4CE /* EmojiArt.app */,
			);
			name = Products;
			sourceTree = "<group>";
		};
		6876F2512A9995E40097B4CE /* EmojiArt */ = {
			isa = PBXGroup;
			children = (
				6876F2522A9995E40097B4CE /* EmojiArtApp.swift */,
				6876F2542A9995E40097B4CE /* EmojiArtDocumentView.swift */,
				6876F2562A9995E80097B4CE /* Assets.xcassets */,
				6876F2582A9995E80097B4CE /* Preview Content */,
				6876F2602A9997000097B4CE /* EmojiArtModel.swift */,
				6876F26C2A9AC51D0097B4CE /* PaletteChooser.swift */,
				6876F26E2A9AD0980097B4CE /* PaletteEditor.swift */,
				6876F2702A9AE56E0097B4CE /* PaletteManager.swift */,
				6876F2642A9998810097B4CE /* EmojiArtDocument.swift */,
				6876F26A2A9A03300097B4CE /* PaletteStore.swift */,
				6876F2662A99A08A0097B4CE /* UtilityExtensions.swift */,
				6876F2682A99A1970097B4CE /* UtilityViews.swift */,
				6876F2622A99973C0097B4CE /* EmojiArtModel.Background.swift */,
			);
			path = EmojiArt;
			sourceTree = "<group>";
		};
		6876F2582A9995E80097B4CE /* Preview Content */ = {
			isa = PBXGroup;
			children = (
				6876F2592A9995E80097B4CE /* Preview Assets.xcassets */,
			);
			path = "Preview Content";
			sourceTree = "<group>";
		};
/* End PBXGroup section */

/* Begin PBXNativeTarget section */
		6876F24E2A9995E40097B4CE /* EmojiArt */ = {
			isa = PBXNativeTarget;
			buildConfigurationList = 6876F25D2A9995E80097B4CE /* Build configuration list for PBXNativeTarget "EmojiArt" */;
			buildPhases = (
				6876F24B2A9995E40097B4CE /* Sources */,
				6876F24C2A9995E40097B4CE /* Frameworks */,
				6876F24D2A9995E40097B4CE /* Resources */,
			);
			buildRules = (
			);
			dependencies = (
			);
			name = EmojiArt;
			productName = EmojiArt;
			productReference = 6876F24F2A9995E40097B4CE /* EmojiArt.app */;
			productType = "com.apple.product-type.application";
		};
/* End PBXNativeTarget section */

/* Begin PBXProject section */
		6876F2472A9995E40097B4CE /* Project object */ = {
			isa = PBXProject;
			attributes = {
				BuildIndependentTargetsInParallel = 1;
				LastSwiftUpdateCheck = 1430;
				LastUpgradeCheck = 1430;
				TargetAttributes = {
					6876F24E2A9995E40097B4CE = {
						CreatedOnToolsVersion = 14.3.1;
					};
				};
			};
			buildConfigurationList = 6876F24A2A9995E40097B4CE /* Build configuration list for PBXProject "EmojiArt" */;
			compatibilityVersion = "Xcode 14.0";
			developmentRegion = en;
			hasScannedForEncodings = 0;
			knownRegions = (
				en,
				Base,
			);
			mainGroup = 6876F2462A9995E40097B4CE;
			productRefGroup = 6876F2502A9995E40097B4CE /* Products */;
			projectDirPath = "";
			projectRoot = "";
			targets = (
				6876F24E2A9995E40097B4CE /* EmojiArt */,
			);
		};
/* End PBXProject section */

/* Begin PBXResourcesBuildPhase section */
		6876F24D2A9995E40097B4CE /* Resources */ = {
			isa = PBXResourcesBuildPhase;
			buildActionMask = 2147483647;
			files = (
				6876F25A2A9995E80097B4CE /* Preview Assets.xcassets in Resources */,
				6876F2572A9995E80097B4CE /* Assets.xcassets in Resources */,
			);
			runOnlyForDeploymentPostprocessing = 0;
		};
/* End PBXResourcesBuildPhase section */

/* Begin PBXSourcesBuildPhase section */
		6876F24B2A9995E40097B4CE /* Sources */ = {
			isa = PBXSourcesBuildPhase;
			buildActionMask = 2147483647;
			files = (
				6876F2692A99A1970097B4CE /* UtilityViews.swift in Sources */,
				6876F2712A9AE56E0097B4CE /* PaletteManager.swift in Sources */,
				6876F26B2A9A03300097B4CE /* PaletteStore.swift in Sources */,
				6876F26F2A9AD0980097B4CE /* PaletteEditor.swift in Sources */,
				6876F2552A9995E40097B4CE /* EmojiArtDocumentView.swift in Sources */,
				6876F2532A9995E40097B4CE /* EmojiArtApp.swift in Sources */,
				6876F2672A99A08A0097B4CE /* UtilityExtensions.swift in Sources */,
				6876F2652A9998810097B4CE /* EmojiArtDocument.swift in Sources */,
				6876F2612A9997000097B4CE /* EmojiArtModel.swift in Sources */,
				6876F2632A99973C0097B4CE /* EmojiArtModel.Background.swift in Sources */,
				6876F26D2A9AC51D0097B4CE /* PaletteChooser.swift in Sources */,
			);
			runOnlyForDeploymentPostprocessing = 0;
		};
/* End PBXSourcesBuildPhase section */

/* Begin XCBuildConfiguration section */
		6876F25B2A9995E80097B4CE /* Debug */ = {
			isa = XCBuildConfiguration;
			buildSettings = {
				ALWAYS_SEARCH_USER_PATHS = NO;
				CLANG_ANALYZER_NONNULL = YES;
				CLANG_ANALYZER_NUMBER_OBJECT_CONVERSION = YES_AGGRESSIVE;
				CLANG_CXX_LANGUAGE_STANDARD = "gnu++20";
				CLANG_ENABLE_MODULES = YES;
				CLANG_ENABLE_OBJC_ARC = YES;
				CLANG_ENABLE_OBJC_WEAK = YES;
				CLANG_WARN_BLOCK_CAPTURE_AUTORELEASING = YES;
				CLANG_WARN_BOOL_CONVERSION = YES;
				CLANG_WARN_COMMA = YES;
				CLANG_WARN_CONSTANT_CONVERSION = YES;
				CLANG_WARN_DEPRECATED_OBJC_IMPLEMENTATIONS = YES;
				CLANG_WARN_DIRECT_OBJC_ISA_USAGE = YES_ERROR;
				CLANG_WARN_DOCUMENTATION_COMMENTS = YES;
				CLANG_WARN_EMPTY_BODY = YES;
				CLANG_WARN_ENUM_CONVERSION = YES;
				CLANG_WARN_INFINITE_RECURSION = YES;
				CLANG_WARN_INT_CONVERSION = YES;
				CLANG_WARN_NON_LITERAL_NULL_CONVERSION = YES;
				CLANG_WARN_OBJC_IMPLICIT_RETAIN_SELF = YES;
				CLANG_WARN_OBJC_LITERAL_CONVERSION = YES;
				CLANG_WARN_OBJC_ROOT_CLASS = YES_ERROR;
				CLANG_WARN_QUOTED_INCLUDE_IN_FRAMEWORK_HEADER = YES;
				CLANG_WARN_RANGE_LOOP_ANALYSIS = YES;
				CLANG_WARN_STRICT_PROTOTYPES = YES;
				CLANG_WARN_SUSPICIOUS_MOVE = YES;
				CLANG_WARN_UNGUARDED_AVAILABILITY = YES_AGGRESSIVE;
				CLANG_WARN_UNREACHABLE_CODE = YES;
				CLANG_WARN__DUPLICATE_METHOD_MATCH = YES;
				COPY_PHASE_STRIP = NO;
				DEBUG_INFORMATION_FORMAT = dwarf;
				ENABLE_STRICT_OBJC_MSGSEND = YES;
				ENABLE_TESTABILITY = YES;
				GCC_C_LANGUAGE_STANDARD = gnu11;
				GCC_DYNAMIC_NO_PIC = NO;
				GCC_NO_COMMON_BLOCKS = YES;
				GCC_OPTIMIZATION_LEVEL = 0;
				GCC_PREPROCESSOR_DEFINITIONS = (
					"DEBUG=1",
					"$(inherited)",
				);
				GCC_WARN_64_TO_32_BIT_CONVERSION = YES;
				GCC_WARN_ABOUT_RETURN_TYPE = YES_ERROR;
				GCC_WARN_UNDECLARED_SELECTOR = YES;
				GCC_WARN_UNINITIALIZED_AUTOS = YES_AGGRESSIVE;
				GCC_WARN_UNUSED_FUNCTION = YES;
				GCC_WARN_UNUSED_VARIABLE = YES;
				IPHONEOS_DEPLOYMENT_TARGET = 16.4;
				MTL_ENABLE_DEBUG_INFO = INCLUDE_SOURCE;
				MTL_FAST_MATH = YES;
				ONLY_ACTIVE_ARCH = YES;
				SDKROOT = iphoneos;
				SWIFT_ACTIVE_COMPILATION_CONDITIONS = DEBUG;
				SWIFT_OPTIMIZATION_LEVEL = "-Onone";
			};
			name = Debug;
		};
		6876F25C2A9995E80097B4CE /* Release */ = {
			isa = XCBuildConfiguration;
			buildSettings = {
				ALWAYS_SEARCH_USER_PATHS = NO;
				CLANG_ANALYZER_NONNULL = YES;
				CLANG_ANALYZER_NUMBER_OBJECT_CONVERSION = YES_AGGRESSIVE;
				CLANG_CXX_LANGUAGE_STANDARD = "gnu++20";
				CLANG_ENABLE_MODULES = YES;
				CLANG_ENABLE_OBJC_ARC = YES;
				CLANG_ENABLE_OBJC_WEAK = YES;
				CLANG_WARN_BLOCK_CAPTURE_AUTORELEASING = YES;
				CLANG_WARN_BOOL_CONVERSION = YES;
				CLANG_WARN_COMMA = YES;
				CLANG_WARN_CONSTANT_CONVERSION = YES;
				CLANG_WARN_DEPRECATED_OBJC_IMPLEMENTATIONS = YES;
				CLANG_WARN_DIRECT_OBJC_ISA_USAGE = YES_ERROR;
				CLANG_WARN_DOCUMENTATION_COMMENTS = YES;
				CLANG_WARN_EMPTY_BODY = YES;
				CLANG_WARN_ENUM_CONVERSION = YES;
				CLANG_WARN_INFINITE_RECURSION = YES;
				CLANG_WARN_INT_CONVERSION = YES;
				CLANG_WARN_NON_LITERAL_NULL_CONVERSION = YES;
				CLANG_WARN_OBJC_IMPLICIT_RETAIN_SELF = YES;
				CLANG_WARN_OBJC_LITERAL_CONVERSION = YES;
				CLANG_WARN_OBJC_ROOT_CLASS = YES_ERROR;
				CLANG_WARN_QUOTED_INCLUDE_IN_FRAMEWORK_HEADER = YES;
				CLANG_WARN_RANGE_LOOP_ANALYSIS = YES;
				CLANG_WARN_STRICT_PROTOTYPES = YES;
				CLANG_WARN_SUSPICIOUS_MOVE = YES;
				CLANG_WARN_UNGUARDED_AVAILABILITY = YES_AGGRESSIVE;
				CLANG_WARN_UNREACHABLE_CODE = YES;
				CLANG_WARN__DUPLICATE_METHOD_MATCH = YES;
				COPY_PHASE_STRIP = NO;
				DEBUG_INFORMATION_FORMAT = "dwarf-with-dsym";
				ENABLE_NS_ASSERTIONS = NO;
				ENABLE_STRICT_OBJC_MSGSEND = YES;
				GCC_C_LANGUAGE_STANDARD = gnu11;
				GCC_NO_COMMON_BLOCKS = YES;
				GCC_WARN_64_TO_32_BIT_CONVERSION = YES;
				GCC_WARN_ABOUT_RETURN_TYPE = YES_ERROR;
				GCC_WARN_UNDECLARED_SELECTOR = YES;
				GCC_WARN_UNINITIALIZED_AUTOS = YES_AGGRESSIVE;
				GCC_WARN_UNUSED_FUNCTION = YES;
				GCC_WARN_UNUSED_VARIABLE = YES;
				IPHONEOS_DEPLOYMENT_TARGET = 16.4;
				MTL_ENABLE_DEBUG_INFO = NO;
				MTL_FAST_MATH = YES;
				SDKROOT = iphoneos;
				SWIFT_COMPILATION_MODE = wholemodule;
				SWIFT_OPTIMIZATION_LEVEL = "-O";
				VALIDATE_PRODUCT = YES;
			};
			name = Release;
		};
		6876F25E2A9995E80097B4CE /* Debug */ = {
			isa = XCBuildConfiguration;
			buildSettings = {
				ASSETCATALOG_COMPILER_APPICON_NAME = AppIcon;
				ASSETCATALOG_COMPILER_GLOBAL_ACCENT_COLOR_NAME = AccentColor;
				CODE_SIGN_STYLE = Automatic;
				CURRENT_PROJECT_VERSION = 1;
				DEVELOPMENT_ASSET_PATHS = "\"EmojiArt/Preview Content\"";
				ENABLE_PREVIEWS = YES;
				GENERATE_INFOPLIST_FILE = YES;
				INFOPLIST_KEY_UIApplicationSceneManifest_Generation = YES;
				INFOPLIST_KEY_UIApplicationSupportsIndirectInputEvents = YES;
				INFOPLIST_KEY_UILaunchScreen_Generation = YES;
				INFOPLIST_KEY_UISupportedInterfaceOrientations_iPad = "UIInterfaceOrientationPortrait UIInterfaceOrientationPortraitUpsideDown UIInterfaceOrientationLandscapeLeft UIInterfaceOrientationLandscapeRight";
				INFOPLIST_KEY_UISupportedInterfaceOrientations_iPhone = "UIInterfaceOrientationPortrait UIInterfaceOrientationLandscapeLeft UIInterfaceOrientationLandscapeRight";
				LD_RUNPATH_SEARCH_PATHS = (
					"$(inherited)",
					"@executable_path/Frameworks",
				);
				MARKETING_VERSION = 1.0;
				PRODUCT_BUNDLE_IDENTIFIER = com.shibainu1096.EmojiArt;
				PRODUCT_NAME = "$(TARGET_NAME)";
				SWIFT_EMIT_LOC_STRINGS = YES;
				SWIFT_VERSION = 5.0;
				TARGETED_DEVICE_FAMILY = "1,2";
			};
			name = Debug;
		};
		6876F25F2A9995E80097B4CE /* Release */ = {
			isa = XCBuildConfiguration;
			buildSettings = {
				ASSETCATALOG_COMPILER_APPICON_NAME = AppIcon;
				ASSETCATALOG_COMPILER_GLOBAL_ACCENT_COLOR_NAME = AccentColor;
				CODE_SIGN_STYLE = Automatic;
				CURRENT_PROJECT_VERSION = 1;
				DEVELOPMENT_ASSET_PATHS = "\"EmojiArt/Preview Content\"";
				ENABLE_PREVIEWS = YES;
				GENERATE_INFOPLIST_FILE = YES;
				INFOPLIST_KEY_UIApplicationSceneManifest_Generation = YES;
				INFOPLIST_KEY_UIApplicationSupportsIndirectInputEvents = YES;
				INFOPLIST_KEY_UILaunchScreen_Generation = YES;
				INFOPLIST_KEY_UISupportedInterfaceOrientations_iPad = "UIInterfaceOrientationPortrait UIInterfaceOrientationPortraitUpsideDown UIInterfaceOrientationLandscapeLeft UIInterfaceOrientationLandscapeRight";
				INFOPLIST_KEY_UISupportedInterfaceOrientations_iPhone = "UIInterfaceOrientationPortrait UIInterfaceOrientationLandscapeLeft UIInterfaceOrientationLandscapeRight";
				LD_RUNPATH_SEARCH_PATHS = (
					"$(inherited)",
					"@executable_path/Frameworks",
				);
				MARKETING_VERSION = 1.0;
				PRODUCT_BUNDLE_IDENTIFIER = com.shibainu1096.EmojiArt;
				PRODUCT_NAME = "$(TARGET_NAME)";
				SWIFT_EMIT_LOC_STRINGS = YES;
				SWIFT_VERSION = 5.0;
				TARGETED_DEVICE_FAMILY = "1,2";
			};
			name = Release;
		};
/* End XCBuildConfiguration section */

/* Begin XCConfigurationList section */
		6876F24A2A9995E40097B4CE /* Build configuration list for PBXProject "EmojiArt" */ = {
			isa = XCConfigurationList;
			buildConfigurations = (
				6876F25B2A9995E80097B4CE /* Debug */,
				6876F25C2A9995E80097B4CE /* Release */,
			);
			defaultConfigurationIsVisible = 0;
			defaultConfigurationName = Release;
		};
		6876F25D2A9995E80097B4CE /* Build configuration list for PBXNativeTarget "EmojiArt" */ = {
			isa = XCConfigurationList;
			buildConfigurations = (
				6876F25E2A9995E80097B4CE /* Debug */,
				6876F25F2A9995E80097B4CE /* Release */,
			);
			defaultConfigurationIsVisible = 0;
			defaultConfigurationName = Release;
		};
/* End XCConfigurationList section */
	};
	rootObject = 6876F2472A9995E40097B4CE /* Project object */;
}
